
Microsoft Visual Studio Solution File, Format Version 12.00
Project("{FAE04EC0-301F-11D3-BF4B-00C04F79EFBC}") = "st-graphql", "st-graphql.csproj", "{173CDA4D-09C8-4C31-B030-883392D15914}"
EndProject
Project("{2150E333-8FDC-42A3-9474-1A3956D46DE8}") = "Solution Items", "Solution Items", "{1E6D5A61-44A1-410D-B87C-3CC1260E90C3}"
	ProjectSection(SolutionItems) = preProject
		compose.yaml = compose.yaml
	EndProjectSection
EndProject
Global
	GlobalSection(SolutionConfigurationPlatforms) = preSolution
		Debug|Any CPU = Debug|Any CPU
		Release|Any CPU = Release|Any CPU
	EndGlobalSection
	GlobalSection(ProjectConfigurationPlatforms) = postSolution
		{173CDA4D-09C8-4C31-B030-883392D15914}.Debug|Any CPU.ActiveCfg = Debug|Any CPU
		{173CDA4D-09C8-4C31-B030-883392D15914}.Debug|Any CPU.Build.0 = Debug|Any CPU
		{173CDA4D-09C8-4C31-B030-883392D15914}.Release|Any CPU.ActiveCfg = Release|Any CPU
		{173CDA4D-09C8-4C31-B030-883392D15914}.Release|Any CPU.Build.0 = Release|Any CPU
	EndGlobalSection
EndGlobal
